[[package]]
name = "certifi"
version = "2020.6.20"
description = "Python package for providing Mozilla's CA Bundle."
category = "main"
optional = false
python-versions = "*"

[[package]]
name = "cffi"
version = "1.14.2"
description = "Foreign Function Interface for Python calling C code."
category = "main"
optional = false
python-versions = "*"

[package.dependencies]
pycparser = "*"

[[package]]
name = "chardet"
version = "3.0.4"
description = "Universal encoding detector for Python 2 and 3"
category = "main"
optional = false
python-versions = "*"

[[package]]
name = "coloredlogs"
version = "14.0"
description = "Colored terminal output for Python's logging module"
category = "main"
optional = true
python-versions = ">=2.7, !=3.0.*, !=3.1.*, !=3.2.*, !=3.3.*, !=3.4.*"

[package.extras]
cron = ["capturer (>=2.4)"]

[package.dependencies]
humanfriendly = ">=7.1"

[[package]]
name = "cryptography"
version = "3.1"
description = "cryptography is a package which provides cryptographic recipes and primitives to Python developers."
category = "main"
optional = false
python-versions = ">=2.7,!=3.0.*,!=3.1.*,!=3.2.*,!=3.3.*,!=3.4.*"

[package.extras]
docs = ["sphinx (>=1.6.5,<1.8.0 || >1.8.0,<3.1.0 || >3.1.0,<3.1.1 || >3.1.1)", "sphinx-rtd-theme"]
docstest = ["doc8", "pyenchant (>=1.6.11)", "twine (>=1.12.0)", "sphinxcontrib-spelling (>=4.0.1)"]
pep8test = ["black", "flake8", "flake8-import-order", "pep8-naming"]
ssh = ["bcrypt (>=3.1.5)"]
test = ["pytest (>=3.6.0,<3.9.0 || >3.9.0,<3.9.1 || >3.9.1,<3.9.2 || >3.9.2)", "pretend", "iso8601", "pytz", "hypothesis (>=1.11.4,<3.79.2 || >3.79.2)"]

[package.dependencies]
cffi = ">=1.8,<1.11.3 || >1.11.3"
six = ">=1.4.1"

[[package]]
name = "decorator"
version = "4.4.2"
description = "Decorators for Humans"
category = "main"
optional = false
python-versions = ">=2.6, !=3.0.*, !=3.1.*"

[[package]]
name = "humanfriendly"
version = "8.2"
description = "Human friendly output for text interfaces using Python"
category = "main"
optional = true
python-versions = ">=2.7, !=3.0.*, !=3.1.*, !=3.2.*, !=3.3.*, !=3.4.*"

[package.dependencies]
pyreadline = "*"

[[package]]
name = "idna"
version = "2.10"
description = "Internationalized Domain Names in Applications (IDNA)"
category = "main"
optional = false
python-versions = ">=2.7, !=3.0.*, !=3.1.*, !=3.2.*, !=3.3.*"

[[package]]
name = "pycparser"
version = "2.20"
description = "C parser in Python"
category = "main"
optional = false
python-versions = ">=2.7, !=3.0.*, !=3.1.*, !=3.2.*, !=3.3.*"

[[package]]
name = "pyreadline"
version = "2.1"
description = "A python implmementation of GNU readline."
category = "main"
optional = true
python-versions = "*"
marker = "sys_platform == \"win32\""

[[package]]
name = "python-telegram-bot"
version = "12.8"
description = "We have made you a wrapper you can't refuse"
category = "main"
optional = false
python-versions = "*"

[package.extras]
json = ["ujson"]
socks = ["pysocks"]

[package.dependencies]
certifi = "*"
cryptography = "*"
decorator = ">=4.4.0"
tornado = ">=5.1"

[[package]]
name = "requests"
version = "2.24.0"
description = "Python HTTP for Humans."
category = "main"
optional = false
python-versions = ">=2.7, !=3.0.*, !=3.1.*, !=3.2.*, !=3.3.*, !=3.4.*"

[package.extras]
security = ["pyOpenSSL (>=0.14)", "cryptography (>=1.3.4)"]
socks = ["PySocks (>=1.5.6,<1.5.7 || >1.5.7)", "win-inet-pton"]

[package.dependencies]
certifi = ">=2017.4.17"
chardet = ">=3.0.2,<4"
idna = ">=2.5,<3"
urllib3 = ">=1.21.1,<1.25.0 || >1.25.0,<1.25.1 || >1.25.1,<1.26"

[[package]]
name = "six"
version = "1.15.0"
description = "Python 2 and 3 compatibility utilities"
category = "main"
optional = false
python-versions = ">=2.7, !=3.0.*, !=3.1.*, !=3.2.*"

[[package]]
name = "sqlalchemy"
version = "1.3.19"
description = "Database Abstraction Library"
category = "main"
optional = false
python-versions = ">=2.7, !=3.0.*, !=3.1.*, !=3.2.*, !=3.3.*"

[package.extras]
mssql = ["pyodbc"]
mssql_pymssql = ["pymssql"]
mssql_pyodbc = ["pyodbc"]
mysql = ["mysqlclient"]
oracle = ["cx-oracle"]
postgresql = ["psycopg2"]
postgresql_pg8000 = ["pg8000"]
postgresql_psycopg2binary = ["psycopg2-binary"]
postgresql_psycopg2cffi = ["psycopg2cffi"]
pymysql = ["pymysql"]

[[package]]
name = "toml"
version = "0.10.1"
description = "Python Library for Tom's Obvious, Minimal Language"
category = "main"
optional = false
python-versions = "*"

[[package]]
name = "tornado"
version = "6.0.4"
description = "Tornado is a Python web framework and asynchronous networking library, originally developed at FriendFeed."
category = "main"
optional = false
python-versions = ">= 3.5"

[[package]]
name = "urllib3"
version = "1.25.10"
description = "HTTP library with thread-safe connection pooling, file post, and more."
category = "main"
optional = false
python-versions = ">=2.7, !=3.0.*, !=3.1.*, !=3.2.*, !=3.3.*, !=3.4.*, <4"

[package.extras]
brotli = ["brotlipy (>=0.6.0)"]
secure = ["certifi", "cryptography (>=1.3.4)", "idna (>=2.0.0)", "pyOpenSSL (>=0.14)", "ipaddress"]
socks = ["PySocks (>=1.5.6,<1.5.7 || >1.5.7,<2.0)"]

[extras]
coloredlogs = ["coloredlogs"]

[metadata]
lock-version = "1.0"
python-versions = "^3.6"
content-hash = "d47630de39954e8ff0fbb8c8277c7a0da800801304c1fe6dce6372adeda312d8"

[metadata.files]
certifi = [
    {file = "certifi-2020.6.20-py2.py3-none-any.whl", hash = "sha256:8fc0819f1f30ba15bdb34cceffb9ef04d99f420f68eb75d901e9560b8749fc41"},
    {file = "certifi-2020.6.20.tar.gz", hash = "sha256:5930595817496dd21bb8dc35dad090f1c2cd0adfaf21204bf6732ca5d8ee34d3"},
]
cffi = [
    {file = "cffi-1.14.2-cp27-cp27m-macosx_10_9_x86_64.whl", hash = "sha256:da9d3c506f43e220336433dffe643fbfa40096d408cb9b7f2477892f369d5f82"},
    {file = "cffi-1.14.2-cp27-cp27m-manylinux1_i686.whl", hash = "sha256:23e44937d7695c27c66a54d793dd4b45889a81b35c0751ba91040fe825ec59c4"},
    {file = "cffi-1.14.2-cp27-cp27m-manylinux1_x86_64.whl", hash = "sha256:0da50dcbccd7cb7e6c741ab7912b2eff48e85af217d72b57f80ebc616257125e"},
    {file = "cffi-1.14.2-cp27-cp27m-win32.whl", hash = "sha256:76ada88d62eb24de7051c5157a1a78fd853cca9b91c0713c2e973e4196271d0c"},
    {file = "cffi-1.14.2-cp27-cp27m-win_amd64.whl", hash = "sha256:15a5f59a4808f82d8ec7364cbace851df591c2d43bc76bcbe5c4543a7ddd1bf1"},
    {file = "cffi-1.14.2-cp27-cp27mu-manylinux1_i686.whl", hash = "sha256:e4082d832e36e7f9b2278bc774886ca8207346b99f278e54c9de4834f17232f7"},
    {file = "cffi-1.14.2-cp27-cp27mu-manylinux1_x86_64.whl", hash = "sha256:57214fa5430399dffd54f4be37b56fe22cedb2b98862550d43cc085fb698dc2c"},
    {file = "cffi-1.14.2-cp35-cp35m-macosx_10_9_x86_64.whl", hash = "sha256:6843db0343e12e3f52cc58430ad559d850a53684f5b352540ca3f1bc56df0731"},
    {file = "cffi-1.14.2-cp35-cp35m-manylinux1_i686.whl", hash = "sha256:577791f948d34d569acb2d1add5831731c59d5a0c50a6d9f629ae1cefd9ca4a0"},
    {file = "cffi-1.14.2-cp35-cp35m-manylinux1_x86_64.whl", hash = "sha256:8662aabfeab00cea149a3d1c2999b0731e70c6b5bac596d95d13f643e76d3d4e"},
    {file = "cffi-1.14.2-cp35-cp35m-win32.whl", hash = "sha256:837398c2ec00228679513802e3744d1e8e3cb1204aa6ad408b6aff081e99a487"},
    {file = "cffi-1.14.2-cp35-cp35m-win_amd64.whl", hash = "sha256:bf44a9a0141a082e89c90e8d785b212a872db793a0080c20f6ae6e2a0ebf82ad"},
    {file = "cffi-1.14.2-cp36-cp36m-macosx_10_9_x86_64.whl", hash = "sha256:29c4688ace466a365b85a51dcc5e3c853c1d283f293dfcc12f7a77e498f160d2"},
    {file = "cffi-1.14.2-cp36-cp36m-manylinux1_i686.whl", hash = "sha256:99cc66b33c418cd579c0f03b77b94263c305c389cb0c6972dac420f24b3bf123"},
    {file = "cffi-1.14.2-cp36-cp36m-manylinux1_x86_64.whl", hash = "sha256:65867d63f0fd1b500fa343d7798fa64e9e681b594e0a07dc934c13e76ee28fb1"},
    {file = "cffi-1.14.2-cp36-cp36m-win32.whl", hash = "sha256:f5033952def24172e60493b68717792e3aebb387a8d186c43c020d9363ee7281"},
    {file = "cffi-1.14.2-cp36-cp36m-win_amd64.whl", hash = "sha256:7057613efefd36cacabbdbcef010e0a9c20a88fc07eb3e616019ea1692fa5df4"},
    {file = "cffi-1.14.2-cp37-cp37m-macosx_10_9_x86_64.whl", hash = "sha256:6539314d84c4d36f28d73adc1b45e9f4ee2a89cdc7e5d2b0a6dbacba31906798"},
    {file = "cffi-1.14.2-cp37-cp37m-manylinux1_i686.whl", hash = "sha256:672b539db20fef6b03d6f7a14b5825d57c98e4026401fce838849f8de73fe4d4"},
    {file = "cffi-1.14.2-cp37-cp37m-manylinux1_x86_64.whl", hash = "sha256:95e9094162fa712f18b4f60896e34b621df99147c2cee216cfa8f022294e8e9f"},
    {file = "cffi-1.14.2-cp37-cp37m-win32.whl", hash = "sha256:b9aa9d8818c2e917fa2c105ad538e222a5bce59777133840b93134022a7ce650"},
    {file = "cffi-1.14.2-cp37-cp37m-win_amd64.whl", hash = "sha256:e4b9b7af398c32e408c00eb4e0d33ced2f9121fd9fb978e6c1b57edd014a7d15"},
    {file = "cffi-1.14.2-cp38-cp38-macosx_10_9_x86_64.whl", hash = "sha256:e613514a82539fc48291d01933951a13ae93b6b444a88782480be32245ed4afa"},
    {file = "cffi-1.14.2-cp38-cp38-manylinux1_i686.whl", hash = "sha256:9b219511d8b64d3fa14261963933be34028ea0e57455baf6781fe399c2c3206c"},
    {file = "cffi-1.14.2-cp38-cp38-manylinux1_x86_64.whl", hash = "sha256:c0b48b98d79cf795b0916c57bebbc6d16bb43b9fc9b8c9f57f4cf05881904c75"},
    {file = "cffi-1.14.2-cp38-cp38-win32.whl", hash = "sha256:15419020b0e812b40d96ec9d369b2bc8109cc3295eac6e013d3261343580cc7e"},
    {file = "cffi-1.14.2-cp38-cp38-win_amd64.whl", hash = "sha256:12a453e03124069b6896107ee133ae3ab04c624bb10683e1ed1c1663df17c13c"},
    {file = "cffi-1.14.2.tar.gz", hash = "sha256:ae8f34d50af2c2154035984b8b5fc5d9ed63f32fe615646ab435b05b132ca91b"},
]
chardet = [
    {file = "chardet-3.0.4-py2.py3-none-any.whl", hash = "sha256:fc323ffcaeaed0e0a02bf4d117757b98aed530d9ed4531e3e15460124c106691"},
    {file = "chardet-3.0.4.tar.gz", hash = "sha256:84ab92ed1c4d4f16916e05906b6b75a6c0fb5db821cc65e70cbd64a3e2a5eaae"},
]
coloredlogs = [
    {file = "coloredlogs-14.0-py2.py3-none-any.whl", hash = "sha256:346f58aad6afd48444c2468618623638dadab76e4e70d5e10822676f2d32226a"},
    {file = "coloredlogs-14.0.tar.gz", hash = "sha256:a1fab193d2053aa6c0a97608c4342d031f1f93a3d1218432c59322441d31a505"},
]
cryptography = [
    {file = "cryptography-3.1-cp27-cp27m-macosx_10_10_x86_64.whl", hash = "sha256:969ae512a250f869c1738ca63be843488ff5cc031987d302c1f59c7dbe1b225f"},
    {file = "cryptography-3.1-cp27-cp27m-manylinux1_x86_64.whl", hash = "sha256:b45ab1c6ece7c471f01c56f5d19818ca797c34541f0b2351635a5c9fe09ac2e0"},
    {file = "cryptography-3.1-cp27-cp27m-manylinux2010_x86_64.whl", hash = "sha256:247df238bc05c7d2e934a761243bfdc67db03f339948b1e2e80c75d41fc7cc36"},
    {file = "cryptography-3.1-cp27-cp27m-win32.whl", hash = "sha256:10c9775a3f31610cf6b694d1fe598f2183441de81cedcf1814451ae53d71b13a"},
    {file = "cryptography-3.1-cp27-cp27m-win_amd64.whl", hash = "sha256:9f734423eb9c2ea85000aa2476e0d7a58e021bc34f0a373ac52a5454cd52f791"},
    {file = "cryptography-3.1-cp27-cp27mu-manylinux1_x86_64.whl", hash = "sha256:e7563eb7bc5c7e75a213281715155248cceba88b11cb4b22957ad45b85903761"},
    {file = "cryptography-3.1-cp27-cp27mu-manylinux2010_x86_64.whl", hash = "sha256:94191501e4b4009642be21dde2a78bd3c2701a81ee57d3d3d02f1d99f8b64a9e"},
    {file = "cryptography-3.1-cp35-abi3-macosx_10_10_x86_64.whl", hash = "sha256:dc3f437ca6353979aace181f1b790f0fc79e446235b14306241633ab7d61b8f8"},
    {file = "cryptography-3.1-cp35-abi3-manylinux1_x86_64.whl", hash = "sha256:725875681afe50b41aee7fdd629cedbc4720bab350142b12c55c0a4d17c7416c"},
    {file = "cryptography-3.1-cp35-abi3-manylinux2010_x86_64.whl", hash = "sha256:321761d55fb7cb256b771ee4ed78e69486a7336be9143b90c52be59d7657f50f"},
    {file = "cryptography-3.1-cp35-abi3-manylinux2014_aarch64.whl", hash = "sha256:2a27615c965173c4c88f2961cf18115c08fedfb8bdc121347f26e8458dc6d237"},
    {file = "cryptography-3.1-cp35-cp35m-win32.whl", hash = "sha256:e7dad66a9e5684a40f270bd4aee1906878193ae50a4831922e454a2a457f1716"},
    {file = "cryptography-3.1-cp35-cp35m-win_amd64.whl", hash = "sha256:4005b38cd86fc51c955db40b0f0e52ff65340874495af72efabb1bb8ca881695"},
    {file = "cryptography-3.1-cp36-abi3-win32.whl", hash = "sha256:cc6096c86ec0de26e2263c228fb25ee01c3ff1346d3cfc219d67d49f303585af"},
    {file = "cryptography-3.1-cp36-abi3-win_amd64.whl", hash = "sha256:2e26223ac636ca216e855748e7d435a1bf846809ed12ed898179587d0cf74618"},
    {file = "cryptography-3.1-cp36-cp36m-win32.whl", hash = "sha256:7a63e97355f3cd77c94bd98c59cb85fe0efd76ea7ef904c9b0316b5bbfde6ed1"},
    {file = "cryptography-3.1-cp36-cp36m-win_amd64.whl", hash = "sha256:4b9e96543d0784acebb70991ebc2dbd99aa287f6217546bb993df22dd361d41c"},
    {file = "cryptography-3.1-cp37-cp37m-win32.whl", hash = "sha256:eb80a288e3cfc08f679f95da72d2ef90cb74f6d8a8ba69d2f215c5e110b2ca32"},
    {file = "cryptography-3.1-cp37-cp37m-win_amd64.whl", hash = "sha256:180c9f855a8ea280e72a5d61cf05681b230c2dce804c48e9b2983f491ecc44ed"},
    {file = "cryptography-3.1-cp38-cp38-win32.whl", hash = "sha256:fa7fbcc40e2210aca26c7ac8a39467eae444d90a2c346cbcffd9133a166bcc67"},
    {file = "cryptography-3.1-cp38-cp38-win_amd64.whl", hash = "sha256:548b0818e88792318dc137d8b1ec82a0ab0af96c7f0603a00bb94f896fbf5e10"},
    {file = "cryptography-3.1.tar.gz", hash = "sha256:26409a473cc6278e4c90f782cd5968ebad04d3911ed1c402fc86908c17633e08"},
]
decorator = [
    {file = "decorator-4.4.2-py2.py3-none-any.whl", hash = "sha256:41fa54c2a0cc4ba648be4fd43cff00aedf5b9465c9bf18d64325bc225f08f760"},
    {file = "decorator-4.4.2.tar.gz", hash = "sha256:e3a62f0520172440ca0dcc823749319382e377f37f140a0b99ef45fecb84bfe7"},
]
humanfriendly = [
    {file = "humanfriendly-8.2-py2.py3-none-any.whl", hash = "sha256:e78960b31198511f45fd455534ae7645a6207d33e512d2e842c766d15d9c8080"},
    {file = "humanfriendly-8.2.tar.gz", hash = "sha256:bf52ec91244819c780341a3438d5d7b09f431d3f113a475147ac9b7b167a3d12"},
]
idna = [
    {file = "idna-2.10-py2.py3-none-any.whl", hash = "sha256:b97d804b1e9b523befed77c48dacec60e6dcb0b5391d57af6a65a312a90648c0"},
    {file = "idna-2.10.tar.gz", hash = "sha256:b307872f855b18632ce0c21c5e45be78c0ea7ae4c15c828c20788b26921eb3f6"},
]
pycparser = [
    {file = "pycparser-2.20-py2.py3-none-any.whl", hash = "sha256:7582ad22678f0fcd81102833f60ef8d0e57288b6b5fb00323d101be910e35705"},
    {file = "pycparser-2.20.tar.gz", hash = "sha256:2d475327684562c3a96cc71adf7dc8c4f0565175cf86b6d7a404ff4c771f15f0"},
]
pyreadline = [
    {file = "pyreadline-2.1.win-amd64.exe", hash = "sha256:9ce5fa65b8992dfa373bddc5b6e0864ead8f291c94fbfec05fbd5c836162e67b"},
    {file = "pyreadline-2.1.win32.exe", hash = "sha256:65540c21bfe14405a3a77e4c085ecfce88724743a4ead47c66b84defcf82c32e"},
    {file = "pyreadline-2.1.zip", hash = "sha256:4530592fc2e85b25b1a9f79664433da09237c1a270e4d78ea5aa3a2c7229e2d1"},
]
python-telegram-bot = [
    {file = "python-telegram-bot-12.8.tar.gz", hash = "sha256:327186c56469216207dcdf8706892e58e0a62e51ef46f5143268e387bbb4edc3"},
    {file = "python_telegram_bot-12.8-py2.py3-none-any.whl", hash = "sha256:7eebed539ccacf77896cff9e41d1f68746b8ff3ca4da1e2e59285e9c749cb050"},
]
requests = [
    {file = "requests-2.24.0-py2.py3-none-any.whl", hash = "sha256:fe75cc94a9443b9246fc7049224f75604b113c36acb93f87b80ed42c44cbb898"},
    {file = "requests-2.24.0.tar.gz", hash = "sha256:b3559a131db72c33ee969480840fff4bb6dd111de7dd27c8ee1f820f4f00231b"},
]
six = [
    {file = "six-1.15.0-py2.py3-none-any.whl", hash = "sha256:8b74bedcbbbaca38ff6d7491d76f2b06b3592611af620f8426e82dddb04a5ced"},
    {file = "six-1.15.0.tar.gz", hash = "sha256:30639c035cdb23534cd4aa2dd52c3bf48f06e5f4a941509c8bafd8ce11080259"},
]
sqlalchemy = [
    {file = "SQLAlchemy-1.3.19-cp27-cp27m-macosx_10_14_x86_64.whl", hash = "sha256:f2e8a9c0c8813a468aa659a01af6592f71cd30237ec27c4cc0683f089f90dcfc"},
    {file = "SQLAlchemy-1.3.19-cp27-cp27m-manylinux1_x86_64.whl", hash = "sha256:33d29ae8f1dc7c75b191bb6833f55a19c932514b9b5ce8c3ab9bc3047da5db36"},
    {file = "SQLAlchemy-1.3.19-cp27-cp27m-manylinux2010_x86_64.whl", hash = "sha256:3292a28344922415f939ee7f4fc0c186f3d5a0bf02192ceabd4f1129d71b08de"},
    {file = "SQLAlchemy-1.3.19-cp27-cp27m-win32.whl", hash = "sha256:883c9fb62cebd1e7126dd683222b3b919657590c3e2db33bdc50ebbad53e0338"},
    {file = "SQLAlchemy-1.3.19-cp27-cp27m-win_amd64.whl", hash = "sha256:860d0fe234922fd5552b7f807fbb039e3e7ca58c18c8d38aa0d0a95ddf4f6c23"},
    {file = "SQLAlchemy-1.3.19-cp27-cp27mu-manylinux1_x86_64.whl", hash = "sha256:73a40d4fcd35fdedce07b5885905753d5d4edf413fbe53544dd871f27d48bd4f"},
    {file = "SQLAlchemy-1.3.19-cp27-cp27mu-manylinux2010_x86_64.whl", hash = "sha256:5a49e8473b1ab1228302ed27365ea0fadd4bf44bc0f9e73fe38e10fdd3d6b4fc"},
    {file = "SQLAlchemy-1.3.19-cp35-cp35m-macosx_10_14_x86_64.whl", hash = "sha256:6547b27698b5b3bbfc5210233bd9523de849b2bb8a0329cd754c9308fc8a05ce"},
    {file = "SQLAlchemy-1.3.19-cp35-cp35m-manylinux1_x86_64.whl", hash = "sha256:107d4af989831d7b091e382d192955679ec07a9209996bf8090f1f539ffc5804"},
    {file = "SQLAlchemy-1.3.19-cp35-cp35m-manylinux2010_x86_64.whl", hash = "sha256:eb1d71643e4154398b02e88a42fc8b29db8c44ce4134cf0f4474bfc5cb5d4dac"},
    {file = "SQLAlchemy-1.3.19-cp35-cp35m-manylinux2014_aarch64.whl", hash = "sha256:b6ff91356354b7ff3bd208adcf875056d3d886ed7cef90c571aef2ab8a554b12"},
    {file = "SQLAlchemy-1.3.19-cp35-cp35m-win32.whl", hash = "sha256:96f51489ac187f4bab588cf51f9ff2d40b6d170ac9a4270ffaed535c8404256b"},
    {file = "SQLAlchemy-1.3.19-cp35-cp35m-win_amd64.whl", hash = "sha256:618db68745682f64cedc96ca93707805d1f3a031747b5a0d8e150cfd5055ae4d"},
    {file = "SQLAlchemy-1.3.19-cp36-cp36m-macosx_10_14_x86_64.whl", hash = "sha256:6557af9e0d23f46b8cd56f8af08eaac72d2e3c632ac8d5cf4e20215a8dca7cea"},
    {file = "SQLAlchemy-1.3.19-cp36-cp36m-manylinux1_x86_64.whl", hash = "sha256:8280f9dae4adb5889ce0bb3ec6a541bf05434db5f9ab7673078c00713d148365"},
    {file = "SQLAlchemy-1.3.19-cp36-cp36m-manylinux2010_x86_64.whl", hash = "sha256:b595e71c51657f9ee3235db8b53d0b57c09eee74dfb5b77edff0e46d2218dc02"},
    {file = "SQLAlchemy-1.3.19-cp36-cp36m-manylinux2014_aarch64.whl", hash = "sha256:51064ee7938526bab92acd049d41a1dc797422256086b39c08bafeffb9d304c6"},
    {file = "SQLAlchemy-1.3.19-cp36-cp36m-win32.whl", hash = "sha256:8afcb6f4064d234a43fea108859942d9795c4060ed0fbd9082b0f280181a15c1"},
    {file = "SQLAlchemy-1.3.19-cp36-cp36m-win_amd64.whl", hash = "sha256:e49947d583fe4d29af528677e4f0aa21f5e535ca2ae69c48270ebebd0d8843c0"},
    {file = "SQLAlchemy-1.3.19-cp37-cp37m-macosx_10_14_x86_64.whl", hash = "sha256:9e865835e36dfbb1873b65e722ea627c096c11b05f796831e3a9b542926e979e"},
    {file = "SQLAlchemy-1.3.19-cp37-cp37m-manylinux1_x86_64.whl", hash = "sha256:276936d41111a501cf4a1a0543e25449108d87e9f8c94714f7660eaea89ae5fe"},
    {file = "SQLAlchemy-1.3.19-cp37-cp37m-manylinux2010_x86_64.whl", hash = "sha256:c7adb1f69a80573698c2def5ead584138ca00fff4ad9785a4b0b2bf927ba308d"},
    {file = "SQLAlchemy-1.3.19-cp37-cp37m-manylinux2014_aarch64.whl", hash = "sha256:465c999ef30b1c7525f81330184121521418a67189053bcf585824d833c05b66"},
    {file = "SQLAlchemy-1.3.19-cp37-cp37m-win32.whl", hash = "sha256:aa0554495fe06172b550098909be8db79b5accdf6ffb59611900bea345df5eba"},
    {file = "SQLAlchemy-1.3.19-cp37-cp37m-win_amd64.whl", hash = "sha256:15c0bcd3c14f4086701c33a9e87e2c7ceb3bcb4a246cd88ec54a49cf2a5bd1a6"},
    {file = "SQLAlchemy-1.3.19-cp38-cp38-macosx_10_14_x86_64.whl", hash = "sha256:fe7fe11019fc3e6600819775a7d55abc5446dda07e9795f5954fdbf8a49e1c37"},
    {file = "SQLAlchemy-1.3.19-cp38-cp38-manylinux1_x86_64.whl", hash = "sha256:c898b3ebcc9eae7b36bd0b4bbbafce2d8076680f6868bcbacee2d39a7a9726a7"},
    {file = "SQLAlchemy-1.3.19-cp38-cp38-manylinux2010_x86_64.whl", hash = "sha256:072766c3bd09294d716b2d114d46ffc5ccf8ea0b714a4e1c48253014b771c6bb"},
    {file = "SQLAlchemy-1.3.19-cp38-cp38-manylinux2014_aarch64.whl", hash = "sha256:26c5ca9d09f0e21b8671a32f7d83caad5be1f6ff45eef5ec2f6fd0db85fc5dc0"},
    {file = "SQLAlchemy-1.3.19-cp38-cp38-win32.whl", hash = "sha256:b70bad2f1a5bd3460746c3fb3ab69e4e0eb5f59d977a23f9b66e5bdc74d97b86"},
    {file = "SQLAlchemy-1.3.19-cp38-cp38-win_amd64.whl", hash = "sha256:83469ad15262402b0e0974e612546bc0b05f379b5aa9072ebf66d0f8fef16bea"},
    {file = "SQLAlchemy-1.3.19.tar.gz", hash = "sha256:3bba2e9fbedb0511769780fe1d63007081008c5c2d7d715e91858c94dbaa260e"},
]
toml = [
    {file = "toml-0.10.1-py2.py3-none-any.whl", hash = "sha256:bda89d5935c2eac546d648028b9901107a595863cb36bae0c73ac804a9b4ce88"},
    {file = "toml-0.10.1.tar.gz", hash = "sha256:926b612be1e5ce0634a2ca03470f95169cf16f939018233a670519cb4ac58b0f"},
]
tornado = [
    {file = "tornado-6.0.4-cp35-cp35m-win32.whl", hash = "sha256:5217e601700f24e966ddab689f90b7ea4bd91ff3357c3600fa1045e26d68e55d"},
    {file = "tornado-6.0.4-cp35-cp35m-win_amd64.whl", hash = "sha256:c98232a3ac391f5faea6821b53db8db461157baa788f5d6222a193e9456e1740"},
    {file = "tornado-6.0.4-cp36-cp36m-win32.whl", hash = "sha256:5f6a07e62e799be5d2330e68d808c8ac41d4a259b9cea61da4101b83cb5dc673"},
    {file = "tornado-6.0.4-cp36-cp36m-win_amd64.whl", hash = "sha256:c952975c8ba74f546ae6de2e226ab3cc3cc11ae47baf607459a6728585bb542a"},
    {file = "tornado-6.0.4-cp37-cp37m-win32.whl", hash = "sha256:2c027eb2a393d964b22b5c154d1a23a5f8727db6fda837118a776b29e2b8ebc6"},
    {file = "tornado-6.0.4-cp37-cp37m-win_amd64.whl", hash = "sha256:5618f72e947533832cbc3dec54e1dffc1747a5cb17d1fd91577ed14fa0dc081b"},
    {file = "tornado-6.0.4-cp38-cp38-win32.whl", hash = "sha256:22aed82c2ea340c3771e3babc5ef220272f6fd06b5108a53b4976d0d722bcd52"},
    {file = "tornado-6.0.4-cp38-cp38-win_amd64.whl", hash = "sha256:c58d56003daf1b616336781b26d184023ea4af13ae143d9dda65e31e534940b9"},
    {file = "tornado-6.0.4.tar.gz", hash = "sha256:0fe2d45ba43b00a41cd73f8be321a44936dc1aba233dee979f17a042b83eb6dc"},
]
urllib3 = [
    {file = "urllib3-1.25.10-py2.py3-none-any.whl", hash = "sha256:e7983572181f5e1522d9c98453462384ee92a0be7fac5f1413a1e35c56cc0461"},
    {file = "urllib3-1.25.10.tar.gz", hash = "sha256:91056c15fa70756691db97756772bb1eb9678fa585d9184f24534b100dc60f4a"},
]
